
Microsoft Visual Studio Solution File, Format Version 12.00
# Visual Studio Version 17
VisualStudioVersion = 17.4.33122.133
MinimumVisualStudioVersion = 10.0.40219.1
Project("{9A19103F-16F7-4668-BE54-9A1E7A4F7556}") = "Consultorio.Domain", "Consultorio\Consultorio.Domain.csproj", "{D56ECE1A-219B-4B9D-95D6-8A120B9C1245}"
EndProject
Project("{2150E333-8FDC-42A3-9474-1A3956D46DE8}") = "Consultorio.DDD", "Consultorio.DDD", "{4EA3F2A4-CC45-453F-A03E-4C4F7E97938E}"
EndProject
Project("{9A19103F-16F7-4668-BE54-9A1E7A4F7556}") = "Consultorio.Repository", "Consultorio.Repository\Consultorio.Repository.csproj", "{9E8A5BBF-D6D6-4FA3-8053-12247E7C31D0}"
EndProject
Project("{9A19103F-16F7-4668-BE54-9A1E7A4F7556}") = "Consultorio.Service", "Consultorio.Service\Consultorio.Service.csproj", "{189FBE09-9BFF-4CB6-AAA0-FDB4C061AAE4}"
EndProject
Project("{9A19103F-16F7-4668-BE54-9A1E7A4F7556}") = "Consultorio.Teste", "Consultorio.Teste\Consultorio.Teste.csproj", "{C166A51F-DC89-4A3A-943D-47F5F155C4DA}"
EndProject
Project("{2150E333-8FDC-42A3-9474-1A3956D46DE8}") = "Consultorio.Testes", "Consultorio.Testes", "{1AF82E0C-7081-4D60-9DDE-A95E2F09D794}"
EndProject
Project("{2150E333-8FDC-42A3-9474-1A3956D46DE8}") = "Consultorio.App", "Consultorio.App", "{6424BB65-71B6-4E38-A53B-5BC4F6E459AC}"
EndProject
Project("{FAE04EC0-301F-11D3-BF4B-00C04F79EFBC}") = "Consultorio.App", "ConsultorioApp\Consultorio.App.csproj", "{273AF6AF-9CB2-413B-9B48-D2C9F7C97F8E}"
EndProject
Global
	GlobalSection(SolutionConfigurationPlatforms) = preSolution
		Debug|Any CPU = Debug|Any CPU
		Release|Any CPU = Release|Any CPU
	EndGlobalSection
	GlobalSection(ProjectConfigurationPlatforms) = postSolution
		{D56ECE1A-219B-4B9D-95D6-8A120B9C1245}.Debug|Any CPU.ActiveCfg = Debug|Any CPU
		{D56ECE1A-219B-4B9D-95D6-8A120B9C1245}.Debug|Any CPU.Build.0 = Debug|Any CPU
		{D56ECE1A-219B-4B9D-95D6-8A120B9C1245}.Release|Any CPU.ActiveCfg = Release|Any CPU
		{D56ECE1A-219B-4B9D-95D6-8A120B9C1245}.Release|Any CPU.Build.0 = Release|Any CPU
		{9E8A5BBF-D6D6-4FA3-8053-12247E7C31D0}.Debug|Any CPU.ActiveCfg = Debug|Any CPU
		{9E8A5BBF-D6D6-4FA3-8053-12247E7C31D0}.Debug|Any CPU.Build.0 = Debug|Any CPU
		{9E8A5BBF-D6D6-4FA3-8053-12247E7C31D0}.Release|Any CPU.ActiveCfg = Release|Any CPU
		{9E8A5BBF-D6D6-4FA3-8053-12247E7C31D0}.Release|Any CPU.Build.0 = Release|Any CPU
		{189FBE09-9BFF-4CB6-AAA0-FDB4C061AAE4}.Debug|Any CPU.ActiveCfg = Debug|Any CPU
		{189FBE09-9BFF-4CB6-AAA0-FDB4C061AAE4}.Debug|Any CPU.Build.0 = Debug|Any CPU
		{189FBE09-9BFF-4CB6-AAA0-FDB4C061AAE4}.Release|Any CPU.ActiveCfg = Release|Any CPU
		{189FBE09-9BFF-4CB6-AAA0-FDB4C061AAE4}.Release|Any CPU.Build.0 = Release|Any CPU
		{C166A51F-DC89-4A3A-943D-47F5F155C4DA}.Debug|Any CPU.ActiveCfg = Debug|Any CPU
		{C166A51F-DC89-4A3A-943D-47F5F155C4DA}.Debug|Any CPU.Build.0 = Debug|Any CPU
		{C166A51F-DC89-4A3A-943D-47F5F155C4DA}.Release|Any CPU.ActiveCfg = Release|Any CPU
		{C166A51F-DC89-4A3A-943D-47F5F155C4DA}.Release|Any CPU.Build.0 = Release|Any CPU
		{273AF6AF-9CB2-413B-9B48-D2C9F7C97F8E}.Debug|Any CPU.ActiveCfg = Debug|Any CPU
		{273AF6AF-9CB2-413B-9B48-D2C9F7C97F8E}.Debug|Any CPU.Build.0 = Debug|Any CPU
		{273AF6AF-9CB2-413B-9B48-D2C9F7C97F8E}.Release|Any CPU.ActiveCfg = Release|Any CPU
		{273AF6AF-9CB2-413B-9B48-D2C9F7C97F8E}.Release|Any CPU.Build.0 = Release|Any CPU
	EndGlobalSection
	GlobalSection(SolutionProperties) = preSolution
		HideSolutionNode = FALSE
	EndGlobalSection
	GlobalSection(NestedProjects) = preSolution
		{D56ECE1A-219B-4B9D-95D6-8A120B9C1245} = {4EA3F2A4-CC45-453F-A03E-4C4F7E97938E}
		{9E8A5BBF-D6D6-4FA3-8053-12247E7C31D0} = {4EA3F2A4-CC45-453F-A03E-4C4F7E97938E}
		{189FBE09-9BFF-4CB6-AAA0-FDB4C061AAE4} = {4EA3F2A4-CC45-453F-A03E-4C4F7E97938E}
		{C166A51F-DC89-4A3A-943D-47F5F155C4DA} = {1AF82E0C-7081-4D60-9DDE-A95E2F09D794}
		{273AF6AF-9CB2-413B-9B48-D2C9F7C97F8E} = {6424BB65-71B6-4E38-A53B-5BC4F6E459AC}
	EndGlobalSection
	GlobalSection(ExtensibilityGlobals) = postSolution
		SolutionGuid = {D0527B2A-54E2-4429-8032-AF7A44B427E0}
	EndGlobalSection
EndGlobal
